{
  "packages": [
    {
      "name": "craft",
      "version": "0.1.3",
      "sha256": "63c439c7791723ed60de516bcd1bd39a39abef7804845e2af6a12575e519d20b"
    },
    {
      "name": "ledger",
      "version": "0.7.0",
      "sha256": "c20e7cd7040cb738c76d3a4af4e6795ab28ce36b01c785a60df1f832ff147ea8"
    },
    {
      "name": "grounding",
      "version": "1.2.0",
      "sha256": "7a33466761cf675d4282830b973cc2a85a3ad11858f99398efba6c8580b42099"
    },
    {
      "name": "claims",
      "version": "0.3.0",
      "sha256": "09e845d18a109fdb4b7c4b75707015f274c6da9073a89000cc72f4149a846952"
    }
  ]
}
